# THIS IS AN AUTOGENERATED FILE. DO NOT EDIT THIS FILE DIRECTLY.
# yarn lockfile v1


codemirror@^5.35.0:
  version "5.35.0"
  resolved "https://registry.yarnpkg.com/codemirror/-/codemirror-5.35.0.tgz#280653d495455bc66aa87e6284292b02775ba878"

parinfer-codemirror@^1.4.2:
  version "1.4.2"
  resolved "https://registry.yarnpkg.com/parinfer-codemirror/-/parinfer-codemirror-1.4.2.tgz#2b9b7f27af65bf14282034a17731d4a82367d046"
  dependencies:
    parinfer "^3.11.0"

parinfer@^3.11.0:
  version "3.12.0"
  resolved "https://registry.yarnpkg.com/parinfer/-/parinfer-3.12.0.tgz#6ea16236319717d579275aa9a94ed1197c3cbd62"
